
Microsoft Visual Studio Solution File, Format Version 12.00
# Visual Studio Version 16
VisualStudioVersion = 16.0.30330.147
MinimumVisualStudioVersion = 10.0.40219.1
Project("{FAE04EC0-301F-11D3-BF4B-00C04F79EFBC}") = "SportsStore.WebUI", "SportsStore.WebUI\SportsStore.WebUI.csproj", "{F4C937B5-F53D-469F-96A6-7EB9A3D5A09A}"
EndProject
Project("{FAE04EC0-301F-11D3-BF4B-00C04F79EFBC}") = "SportsStore.UnitTests", "SportsStore.UnitTests\SportsStore.UnitTests.csproj", "{9B115C0C-FB84-4C82-920D-AEABB01D782D}"
EndProject
Project("{FAE04EC0-301F-11D3-BF4B-00C04F79EFBC}") = "SportsStore.Domain", "SportsStore.Domain\SportsStore.Domain.csproj", "{B5E70394-D1F9-4AFF-B1DC-7E600F9708C8}"
EndProject
Global
	GlobalSection(SolutionConfigurationPlatforms) = preSolution
		Debug|Any CPU = Debug|Any CPU
		Release|Any CPU = Release|Any CPU
	EndGlobalSection
	GlobalSection(ProjectConfigurationPlatforms) = postSolution
		{F4C937B5-F53D-469F-96A6-7EB9A3D5A09A}.Debug|Any CPU.ActiveCfg = Debug|Any CPU
		{F4C937B5-F53D-469F-96A6-7EB9A3D5A09A}.Debug|Any CPU.Build.0 = Debug|Any CPU
		{F4C937B5-F53D-469F-96A6-7EB9A3D5A09A}.Release|Any CPU.ActiveCfg = Release|Any CPU
		{F4C937B5-F53D-469F-96A6-7EB9A3D5A09A}.Release|Any CPU.Build.0 = Release|Any CPU
		{9B115C0C-FB84-4C82-920D-AEABB01D782D}.Debug|Any CPU.ActiveCfg = Debug|Any CPU
		{9B115C0C-FB84-4C82-920D-AEABB01D782D}.Debug|Any CPU.Build.0 = Debug|Any CPU
		{9B115C0C-FB84-4C82-920D-AEABB01D782D}.Release|Any CPU.ActiveCfg = Release|Any CPU
		{9B115C0C-FB84-4C82-920D-AEABB01D782D}.Release|Any CPU.Build.0 = Release|Any CPU
		{B5E70394-D1F9-4AFF-B1DC-7E600F9708C8}.Debug|Any CPU.ActiveCfg = Debug|Any CPU
		{B5E70394-D1F9-4AFF-B1DC-7E600F9708C8}.Debug|Any CPU.Build.0 = Debug|Any CPU
		{B5E70394-D1F9-4AFF-B1DC-7E600F9708C8}.Release|Any CPU.ActiveCfg = Release|Any CPU
		{B5E70394-D1F9-4AFF-B1DC-7E600F9708C8}.Release|Any CPU.Build.0 = Release|Any CPU
	EndGlobalSection
	GlobalSection(SolutionProperties) = preSolution
		HideSolutionNode = FALSE
	EndGlobalSection
	GlobalSection(ExtensibilityGlobals) = postSolution
		SolutionGuid = {623DB881-8135-40B0-B0E5-712D2DD0DC21}
	EndGlobalSection
EndGlobal
